
Microsoft Visual Studio Solution File, Format Version 12.00
Project("{FAE04EC0-301F-11D3-BF4B-00C04F79EFBC}") = "QaaS.Common.Assertions", "QaaS.Common.Assertions\QaaS.Common.Assertions.csproj", "{F846635D-11C0-474C-BC56-7CDB037C7A65}"
EndProject
Project("{FAE04EC0-301F-11D3-BF4B-00C04F79EFBC}") = "QaaS.Common.Assertions.Tests", "QaaS.Common.Assertions.Tests\QaaS.Common.Assertions.Tests.csproj", "{8602BC84-B054-4271-A5A1-2F9D0D8C16E4}"
EndProject
Global
	GlobalSection(SolutionConfigurationPlatforms) = preSolution
		Debug|Any CPU = Debug|Any CPU
		Release|Any CPU = Release|Any CPU
	EndGlobalSection
	GlobalSection(ProjectConfigurationPlatforms) = postSolution
		{F846635D-11C0-474C-BC56-7CDB037C7A65}.Debug|Any CPU.ActiveCfg = Debug|Any CPU
		{F846635D-11C0-474C-BC56-7CDB037C7A65}.Debug|Any CPU.Build.0 = Debug|Any CPU
		{F846635D-11C0-474C-BC56-7CDB037C7A65}.Release|Any CPU.ActiveCfg = Release|Any CPU
		{F846635D-11C0-474C-BC56-7CDB037C7A65}.Release|Any CPU.Build.0 = Release|Any CPU
		{8602BC84-B054-4271-A5A1-2F9D0D8C16E4}.Debug|Any CPU.ActiveCfg = Debug|Any CPU
		{8602BC84-B054-4271-A5A1-2F9D0D8C16E4}.Debug|Any CPU.Build.0 = Debug|Any CPU
		{8602BC84-B054-4271-A5A1-2F9D0D8C16E4}.Release|Any CPU.ActiveCfg = Release|Any CPU
		{8602BC84-B054-4271-A5A1-2F9D0D8C16E4}.Release|Any CPU.Build.0 = Release|Any CPU
	EndGlobalSection
EndGlobal
